// !$*UTF8*$!
{
	archiveVersion = 1;
	classes = {
	};
	objectVersion = 46;
	objects = {

/* Begin PBXBuildFile section */
		F55525EB1CB54684001D2547 /* AppDelegate.swift in Sources */ = {isa = PBXBuildFile; fileRef = F55525EA1CB54684001D2547 /* AppDelegate.swift */; };
		F55525ED1CB54684001D2547 /* MasterViewController.swift in Sources */ = {isa = PBXBuildFile; fileRef = F55525EC1CB54684001D2547 /* MasterViewController.swift */; };
		F55525EF1CB54684001D2547 /* DetailViewController.swift in Sources */ = {isa = PBXBuildFile; fileRef = F55525EE1CB54684001D2547 /* DetailViewController.swift */; };
		F55525F21CB54684001D2547 /* Main.storyboard in Resources */ = {isa = PBXBuildFile; fileRef = F55525F01CB54684001D2547 /* Main.storyboard */; };
		F55525F41CB54684001D2547 /* Assets.xcassets in Resources */ = {isa = PBXBuildFile; fileRef = F55525F31CB54684001D2547 /* Assets.xcassets */; };
		F55525F71CB54684001D2547 /* LaunchScreen.storyboard in Resources */ = {isa = PBXBuildFile; fileRef = F55525F51CB54684001D2547 /* LaunchScreen.storyboard */; };
		F55526021CB54684001D2547 /* pro1_imageSelectorTests.swift in Sources */ = {isa = PBXBuildFile; fileRef = F55526011CB54684001D2547 /* pro1_imageSelectorTests.swift */; };
		F555260D1CB54684001D2547 /* pro1_imageSelectorUITests.swift in Sources */ = {isa = PBXBuildFile; fileRef = F555260C1CB54684001D2547 /* pro1_imageSelectorUITests.swift */; };
/* End PBXBuildFile section */

/* Begin PBXContainerItemProxy section */
		F55525FE1CB54684001D2547 /* PBXContainerItemProxy */ = {
			isa = PBXContainerItemProxy;
			containerPortal = F55525DF1CB54684001D2547 /* Project object */;
			proxyType = 1;
			remoteGlobalIDString = F55525E61CB54684001D2547;
			remoteInfo = "pro1-imageSelector";
		};
		F55526091CB54684001D2547 /* PBXContainerItemProxy */ = {
			isa = PBXContainerItemProxy;
			containerPortal = F55525DF1CB54684001D2547 /* Project object */;
			proxyType = 1;
			remoteGlobalIDString = F55525E61CB54684001D2547;
			remoteInfo = "pro1-imageSelector";
		};
/* End PBXContainerItemProxy section */

/* Begin PBXFileReference section */
		F55525E71CB54684001D2547 /* pro1-imageSelector.app */ = {isa = PBXFileReference; explicitFileType = wrapper.application; includeInIndex = 0; path = "pro1-imageSelector.app"; sourceTree = BUILT_PRODUCTS_DIR; };
		F55525EA1CB54684001D2547 /* AppDelegate.swift */ = {isa = PBXFileReference; lastKnownFileType = sourcecode.swift; path = AppDelegate.swift; sourceTree = "<group>"; };
		F55525EC1CB54684001D2547 /* MasterViewController.swift */ = {isa = PBXFileReference; lastKnownFileType = sourcecode.swift; path = MasterViewController.swift; sourceTree = "<group>"; };
		F55525EE1CB54684001D2547 /* DetailViewController.swift */ = {isa = PBXFileReference; lastKnownFileType = sourcecode.swift; path = DetailViewController.swift; sourceTree = "<group>"; };
		F55525F11CB54684001D2547 /* Base */ = {isa = PBXFileReference; lastKnownFileType = file.storyboard; name = Base; path = Base.lproj/Main.storyboard; sourceTree = "<group>"; };
		F55525F31CB54684001D2547 /* Assets.xcassets */ = {isa = PBXFileReference; lastKnownFileType = folder.assetcatalog; path = Assets.xcassets; sourceTree = "<group>"; };
		F55525F61CB54684001D2547 /* Base */ = {isa = PBXFileReference; lastKnownFileType = file.storyboard; name = Base; path = Base.lproj/LaunchScreen.storyboard; sourceTree = "<group>"; };
		F55525F81CB54684001D2547 /* Info.plist */ = {isa = PBXFileReference; lastKnownFileType = text.plist.xml; path = Info.plist; sourceTree = "<group>"; };
		F55525FD1CB54684001D2547 /* pro1-imageSelectorTests.xctest */ = {isa = PBXFileReference; explicitFileType = wrapper.cfbundle; includeInIndex = 0; path = "pro1-imageSelectorTests.xctest"; sourceTree = BUILT_PRODUCTS_DIR; };
		F55526011CB54684001D2547 /* pro1_imageSelectorTests.swift */ = {isa = PBXFileReference; lastKnownFileType = sourcecode.swift; path = pro1_imageSelectorTests.swift; sourceTree = "<group>"; };
		F55526031CB54684001D2547 /* Info.plist */ = {isa = PBXFileReference; lastKnownFileType = text.plist.xml; path = Info.plist; sourceTree = "<group>"; };
		F55526081CB54684001D2547 /* pro1-imageSelectorUITests.xctest */ = {isa = PBXFileReference; explicitFileType = wrapper.cfbundle; includeInIndex = 0; path = "pro1-imageSelectorUITests.xctest"; sourceTree = BUILT_PRODUCTS_DIR; };
		F555260C1CB54684001D2547 /* pro1_imageSelectorUITests.swift */ = {isa = PBXFileReference; lastKnownFileType = sourcecode.swift; path = pro1_imageSelectorUITests.swift; sourceTree = "<group>"; };
		F555260E1CB54684001D2547 /* Info.plist */ = {isa = PBXFileReference; lastKnownFileType = text.plist.xml; path = Info.plist; sourceTree = "<group>"; };
/* End PBXFileReference section */

/* Begin PBXFrameworksBuildPhase section */
		F55525E41CB54684001D2547 /* Frameworks */ = {
			isa = PBXFrameworksBuildPhase;
			buildActionMask = 2147483647;
			files = (
			);
			runOnlyForDeploymentPostprocessing = 0;
		};
		F55525FA1CB54684001D2547 /* Frameworks */ = {
			isa = PBXFrameworksBuildPhase;
			buildActionMask = 2147483647;
			files = (
			);
			runOnlyForDeploymentPostprocessing = 0;
		};
		F55526051CB54684001D2547 /* Frameworks */ = {
			isa = PBXFrameworksBuildPhase;
			buildActionMask = 2147483647;
			files = (
			);
			runOnlyForDeploymentPostprocessing = 0;
		};
/* End PBXFrameworksBuildPhase section */

/* Begin PBXGroup section */
		F55525DE1CB54684001D2547 = {
			isa = PBXGroup;
			children = (
				F55525E91CB54684001D2547 /* pro1-imageSelector */,
				F55526001CB54684001D2547 /* pro1-imageSelectorTests */,
				F555260B1CB54684001D2547 /* pro1-imageSelectorUITests */,
				F55525E81CB54684001D2547 /* Products */,
			);
			sourceTree = "<group>";
		};
		F55525E81CB54684001D2547 /* Products */ = {
			isa = PBXGroup;
			children = (
				F55525E71CB54684001D2547 /* pro1-imageSelector.app */,
				F55525FD1CB54684001D2547 /* pro1-imageSelectorTests.xctest */,
				F55526081CB54684001D2547 /* pro1-imageSelectorUITests.xctest */,
			);
			name = Products;
			sourceTree = "<group>";
		};
		F55525E91CB54684001D2547 /* pro1-imageSelector */ = {
			isa = PBXGroup;
			children = (
				F55525EA1CB54684001D2547 /* AppDelegate.swift */,
				F55525EC1CB54684001D2547 /* MasterViewController.swift */,
				F55525EE1CB54684001D2547 /* DetailViewController.swift */,
				F55525F01CB54684001D2547 /* Main.storyboard */,
				F55525F31CB54684001D2547 /* Assets.xcassets */,
				F55525F51CB54684001D2547 /* LaunchScreen.storyboard */,
				F55525F81CB54684001D2547 /* Info.plist */,
			);
			path = "pro1-imageSelector";
			sourceTree = "<group>";
		};
		F55526001CB54684001D2547 /* pro1-imageSelectorTests */ = {
			isa = PBXGroup;
			children = (
				F55526011CB54684001D2547 /* pro1_imageSelectorTests.swift */,
				F55526031CB54684001D2547 /* Info.plist */,
			);
			path = "pro1-imageSelectorTests";
			sourceTree = "<group>";
		};
		F555260B1CB54684001D2547 /* pro1-imageSelectorUITests */ = {
			isa = PBXGroup;
			children = (
				F555260C1CB54684001D2547 /* pro1_imageSelectorUITests.swift */,
				F555260E1CB54684001D2547 /* Info.plist */,
			);
			path = "pro1-imageSelectorUITests";
			sourceTree = "<group>";
		};
/* End PBXGroup section */

/* Begin PBXNativeTarget section */
		F55525E61CB54684001D2547 /* pro1-imageSelector */ = {
			isa = PBXNativeTarget;
			buildConfigurationList = F55526111CB54684001D2547 /* Build configuration list for PBXNativeTarget "pro1-imageSelector" */;
			buildPhases = (
				F55525E31CB54684001D2547 /* Sources */,
				F55525E41CB54684001D2547 /* Frameworks */,
				F55525E51CB54684001D2547 /* Resources */,
			);
			buildRules = (
			);
			dependencies = (
			);
			name = "pro1-imageSelector";
			productName = "pro1-imageSelector";
			productReference = F55525E71CB54684001D2547 /* pro1-imageSelector.app */;
			productType = "com.apple.product-type.application";
		};
		F55525FC1CB54684001D2547 /* pro1-imageSelectorTests */ = {
			isa = PBXNativeTarget;
			buildConfigurationList = F55526141CB54684001D2547 /* Build configuration list for PBXNativeTarget "pro1-imageSelectorTests" */;
			buildPhases = (
				F55525F91CB54684001D2547 /* Sources */,
				F55525FA1CB54684001D2547 /* Frameworks */,
				F55525FB1CB54684001D2547 /* Resources */,
			);
			buildRules = (
			);
			dependencies = (
				F55525FF1CB54684001D2547 /* PBXTargetDependency */,
			);
			name = "pro1-imageSelectorTests";
			productName = "pro1-imageSelectorTests";
			productReference = F55525FD1CB54684001D2547 /* pro1-imageSelectorTests.xctest */;
			productType = "com.apple.product-type.bundle.unit-test";
		};
		F55526071CB54684001D2547 /* pro1-imageSelectorUITests */ = {
			isa = PBXNativeTarget;
			buildConfigurationList = F55526171CB54684001D2547 /* Build configuration list for PBXNativeTarget "pro1-imageSelectorUITests" */;
			buildPhases = (
				F55526041CB54684001D2547 /* Sources */,
				F55526051CB54684001D2547 /* Frameworks */,
				F55526061CB54684001D2547 /* Resources */,
			);
			buildRules = (
			);
			dependencies = (
				F555260A1CB54684001D2547 /* PBXTargetDependency */,
			);
			name = "pro1-imageSelectorUITests";
			productName = "pro1-imageSelectorUITests";
			productReference = F55526081CB54684001D2547 /* pro1-imageSelectorUITests.xctest */;
			productType = "com.apple.product-type.bundle.ui-testing";
		};
/* End PBXNativeTarget section */

/* Begin PBXProject section */
		F55525DF1CB54684001D2547 /* Project object */ = {
			isa = PBXProject;
			attributes = {
				LastSwiftUpdateCheck = 0730;
				LastUpgradeCheck = 0730;
				ORGANIZATIONNAME = "Qiao Lin";
				TargetAttributes = {
					F55525E61CB54684001D2547 = {
						CreatedOnToolsVersion = 7.3;
					};
					F55525FC1CB54684001D2547 = {
						CreatedOnToolsVersion = 7.3;
						TestTargetID = F55525E61CB54684001D2547;
					};
					F55526071CB54684001D2547 = {
						CreatedOnToolsVersion = 7.3;
						TestTargetID = F55525E61CB54684001D2547;
					};
				};
			};
			buildConfigurationList = F55525E21CB54684001D2547 /* Build configuration list for PBXProject "pro1-imageSelector" */;
			compatibilityVersion = "Xcode 3.2";
			developmentRegion = English;
			hasScannedForEncodings = 0;
			knownRegions = (
				en,
				Base,
			);
			mainGroup = F55525DE1CB54684001D2547;
			productRefGroup = F55525E81CB54684001D2547 /* Products */;
			projectDirPath = "";
			projectRoot = "";
			targets = (
				F55525E61CB54684001D2547 /* pro1-imageSelector */,
				F55525FC1CB54684001D2547 /* pro1-imageSelectorTests */,
				F55526071CB54684001D2547 /* pro1-imageSelectorUITests */,
			);
		};
/* End PBXProject section */

/* Begin PBXResourcesBuildPhase section */
		F55525E51CB54684001D2547 /* Resources */ = {
			isa = PBXResourcesBuildPhase;
			buildActionMask = 2147483647;
			files = (
				F55525F71CB54684001D2547 /* LaunchScreen.storyboard in Resources */,
				F55525F41CB54684001D2547 /* Assets.xcassets in Resources */,
				F55525F21CB54684001D2547 /* Main.storyboard in Resources */,
			);
			runOnlyForDeploymentPostprocessing = 0;
		};
		F55525FB1CB54684001D2547 /* Resources */ = {
			isa = PBXResourcesBuildPhase;
			buildActionMask = 2147483647;
			files = (
			);
			runOnlyForDeploymentPostprocessing = 0;
		};
		F55526061CB54684001D2547 /* Resources */ = {
			isa = PBXResourcesBuildPhase;
			buildActionMask = 2147483647;
			files = (
			);
			runOnlyForDeploymentPostprocessing = 0;
		};
/* End PBXResourcesBuildPhase section */

/* Begin PBXSourcesBuildPhase section */
		F55525E31CB54684001D2547 /* Sources */ = {
			isa = PBXSourcesBuildPhase;
			buildActionMask = 2147483647;
			files = (
				F55525EF1CB54684001D2547 /* DetailViewController.swift in Sources */,
				F55525ED1CB54684001D2547 /* MasterViewController.swift in Sources */,
				F55525EB1CB54684001D2547 /* AppDelegate.swift in Sources */,
			);
			runOnlyForDeploymentPostprocessing = 0;
		};
		F55525F91CB54684001D2547 /* Sources */ = {
			isa = PBXSourcesBuildPhase;
			buildActionMask = 2147483647;
			files = (
				F55526021CB54684001D2547 /* pro1_imageSelectorTests.swift in Sources */,
			);
			runOnlyForDeploymentPostprocessing = 0;
		};
		F55526041CB54684001D2547 /* Sources */ = {
			isa = PBXSourcesBuildPhase;
			buildActionMask = 2147483647;
			files = (
				F555260D1CB54684001D2547 /* pro1_imageSelectorUITests.swift in Sources */,
			);
			runOnlyForDeploymentPostprocessing = 0;
		};
/* End PBXSourcesBuildPhase section */

/* Begin PBXTargetDependency section */
		F55525FF1CB54684001D2547 /* PBXTargetDependency */ = {
			isa = PBXTargetDependency;
			target = F55525E61CB54684001D2547 /* pro1-imageSelector */;
			targetProxy = F55525FE1CB54684001D2547 /* PBXContainerItemProxy */;
		};
		F555260A1CB54684001D2547 /* PBXTargetDependency */ = {
			isa = PBXTargetDependency;
			target = F55525E61CB54684001D2547 /* pro1-imageSelector */;
			targetProxy = F55526091CB54684001D2547 /* PBXContainerItemProxy */;
		};
/* End PBXTargetDependency section */

/* Begin PBXVariantGroup section */
		F55525F01CB54684001D2547 /* Main.storyboard */ = {
			isa = PBXVariantGroup;
			children = (
				F55525F11CB54684001D2547 /* Base */,
			);
			name = Main.storyboard;
			sourceTree = "<group>";
		};
		F55525F51CB54684001D2547 /* LaunchScreen.storyboard */ = {
			isa = PBXVariantGroup;
			children = (
				F55525F61CB54684001D2547 /* Base */,
			);
			name = LaunchScreen.storyboard;
			sourceTree = "<group>";
		};
/* End PBXVariantGroup section */

/* Begin XCBuildConfiguration section */
		F555260F1CB54684001D2547 /* Debug */ = {
			isa = XCBuildConfiguration;
			buildSettings = {
				ALWAYS_SEARCH_USER_PATHS = NO;
				CLANG_ANALYZER_NONNULL = YES;
				CLANG_CXX_LANGUAGE_STANDARD = "gnu++0x";
				CLANG_CXX_LIBRARY = "libc++";
				CLANG_ENABLE_MODULES = YES;
				CLANG_ENABLE_OBJC_ARC = YES;
				CLANG_WARN_BOOL_CONVERSION = YES;
				CLANG_WARN_CONSTANT_CONVERSION = YES;
				CLANG_WARN_DIRECT_OBJC_ISA_USAGE = YES_ERROR;
				CLANG_WARN_EMPTY_BODY = YES;
				CLANG_WARN_ENUM_CONVERSION = YES;
				CLANG_WARN_INT_CONVERSION = YES;
				CLANG_WARN_OBJC_ROOT_CLASS = YES_ERROR;
				CLANG_WARN_UNREACHABLE_CODE = YES;
				CLANG_WARN__DUPLICATE_METHOD_MATCH = YES;
				"CODE_SIGN_IDENTITY[sdk=iphoneos*]" = "iPhone Developer";
				COPY_PHASE_STRIP = NO;
				DEBUG_INFORMATION_FORMAT = dwarf;
				ENABLE_STRICT_OBJC_MSGSEND = YES;
				ENABLE_TESTABILITY = YES;
				GCC_C_LANGUAGE_STANDARD = gnu99;
				GCC_DYNAMIC_NO_PIC = NO;
				GCC_NO_COMMON_BLOCKS = YES;
				GCC_OPTIMIZATION_LEVEL = 0;
				GCC_PREPROCESSOR_DEFINITIONS = (
					"DEBUG=1",
					"$(inherited)",
				);
				GCC_WARN_64_TO_32_BIT_CONVERSION = YES;
				GCC_WARN_ABOUT_RETURN_TYPE = YES_ERROR;
				GCC_WARN_UNDECLARED_SELECTOR = YES;
				GCC_WARN_UNINITIALIZED_AUTOS = YES_AGGRESSIVE;
				GCC_WARN_UNUSED_FUNCTION = YES;
				GCC_WARN_UNUSED_VARIABLE = YES;
				IPHONEOS_DEPLOYMENT_TARGET = 9.3;
				MTL_ENABLE_DEBUG_INFO = YES;
				ONLY_ACTIVE_ARCH = YES;
				SDKROOT = iphoneos;
				SWIFT_OPTIMIZATION_LEVEL = "-Onone";
				TARGETED_DEVICE_FAMILY = "1,2";
			};
			name = Debug;
		};
		F55526101CB54684001D2547 /* Release */ = {
			isa = XCBuildConfiguration;
			buildSettings = {
				ALWAYS_SEARCH_USER_PATHS = NO;
				CLANG_ANALYZER_NONNULL = YES;
				CLANG_CXX_LANGUAGE_STANDARD = "gnu++0x";
				CLANG_CXX_LIBRARY = "libc++";
				CLANG_ENABLE_MODULES = YES;
				CLANG_ENABLE_OBJC_ARC = YES;
				CLANG_WARN_BOOL_CONVERSION = YES;
				CLANG_WARN_CONSTANT_CONVERSION = YES;
				CLANG_WARN_DIRECT_OBJC_ISA_USAGE = YES_ERROR;
				CLANG_WARN_EMPTY_BODY = YES;
				CLANG_WARN_ENUM_CONVERSION = YES;
				CLANG_WARN_INT_CONVERSION = YES;
				CLANG_WARN_OBJC_ROOT_CLASS = YES_ERROR;
				CLANG_WARN_UNREACHABLE_CODE = YES;
				CLANG_WARN__DUPLICATE_METHOD_MATCH = YES;
				"CODE_SIGN_IDENTITY[sdk=iphoneos*]" = "iPhone Developer";
				COPY_PHASE_STRIP = NO;
				DEBUG_INFORMATION_FORMAT = "dwarf-with-dsym";
				ENABLE_NS_ASSERTIONS = NO;
				ENABLE_STRICT_OBJC_MSGSEND = YES;
				GCC_C_LANGUAGE_STANDARD = gnu99;
				GCC_NO_COMMON_BLOCKS = YES;
				GCC_WARN_64_TO_32_BIT_CONVERSION = YES;
				GCC_WARN_ABOUT_RETURN_TYPE = YES_ERROR;
				GCC_WARN_UNDECLARED_SELECTOR = YES;
				GCC_WARN_UNINITIALIZED_AUTOS = YES_AGGRESSIVE;
				GCC_WARN_UNUSED_FUNCTION = YES;
				GCC_WARN_UNUSED_VARIABLE = YES;
				IPHONEOS_DEPLOYMENT_TARGET = 9.3;
				MTL_ENABLE_DEBUG_INFO = NO;
				SDKROOT = iphoneos;
				TARGETED_DEVICE_FAMILY = "1,2";
				VALIDATE_PRODUCT = YES;
			};
			name = Release;
		};
		F55526121CB54684001D2547 /* Debug */ = {
			isa = XCBuildConfiguration;
			buildSettings = {
				ASSETCATALOG_COMPILER_APPICON_NAME = AppIcon;
				INFOPLIST_FILE = "pro1-imageSelector/Info.plist";
				LD_RUNPATH_SEARCH_PATHS = "$(inherited) @executable_path/Frameworks";
				PRODUCT_BUNDLE_IDENTIFIER = "sample.pro1-imageSelector";
				PRODUCT_NAME = "$(TARGET_NAME)";
			};
			name = Debug;
		};
		F55526131CB54684001D2547 /* Release */ = {
			isa = XCBuildConfiguration;
			buildSettings = {
				ASSETCATALOG_COMPILER_APPICON_NAME = AppIcon;
				INFOPLIST_FILE = "pro1-imageSelector/Info.plist";
				LD_RUNPATH_SEARCH_PATHS = "$(inherited) @executable_path/Frameworks";
				PRODUCT_BUNDLE_IDENTIFIER = "sample.pro1-imageSelector";
				PRODUCT_NAME = "$(TARGET_NAME)";
			};
			name = Release;
		};
		F55526151CB54684001D2547 /* Debug */ = {
			isa = XCBuildConfiguration;
			buildSettings = {
				BUNDLE_LOADER = "$(TEST_HOST)";
				INFOPLIST_FILE = "pro1-imageSelectorTests/Info.plist";
				LD_RUNPATH_SEARCH_PATHS = "$(inherited) @executable_path/Frameworks @loader_path/Frameworks";
				PRODUCT_BUNDLE_IDENTIFIER = "sample.pro1-imageSelectorTests";
				PRODUCT_NAME = "$(TARGET_NAME)";
				TEST_HOST = "$(BUILT_PRODUCTS_DIR)/pro1-imageSelector.app/pro1-imageSelector";
			};
			name = Debug;
		};
		F55526161CB54684001D2547 /* Release */ = {
			isa = XCBuildConfiguration;
			buildSettings = {
				BUNDLE_LOADER = "$(TEST_HOST)";
				INFOPLIST_FILE = "pro1-imageSelectorTests/Info.plist";
				LD_RUNPATH_SEARCH_PATHS = "$(inherited) @executable_path/Frameworks @loader_path/Frameworks";
				PRODUCT_BUNDLE_IDENTIFIER = "sample.pro1-imageSelectorTests";
				PRODUCT_NAME = "$(TARGET_NAME)";
				TEST_HOST = "$(BUILT_PRODUCTS_DIR)/pro1-imageSelector.app/pro1-imageSelector";
			};
			name = Release;
		};
		F55526181CB54684001D2547 /* Debug */ = {
			isa = XCBuildConfiguration;
			buildSettings = {
				INFOPLIST_FILE = "pro1-imageSelectorUITests/Info.plist";
				LD_RUNPATH_SEARCH_PATHS = "$(inherited) @executable_path/Frameworks @loader_path/Frameworks";
				PRODUCT_BUNDLE_IDENTIFIER = "sample.pro1-imageSelectorUITests";
				PRODUCT_NAME = "$(TARGET_NAME)";
				TEST_TARGET_NAME = "pro1-imageSelector";
			};
			name = Debug;
		};
		F55526191CB54684001D2547 /* Release */ = {
			isa = XCBuildConfiguration;
			buildSettings = {
				INFOPLIST_FILE = "pro1-imageSelectorUITests/Info.plist";
				LD_RUNPATH_SEARCH_PATHS = "$(inherited) @executable_path/Frameworks @loader_path/Frameworks";
				PRODUCT_BUNDLE_IDENTIFIER = "sample.pro1-imageSelectorUITests";
				PRODUCT_NAME = "$(TARGET_NAME)";
				TEST_TARGET_NAME = "pro1-imageSelector";
			};
			name = Release;
		};
/* End XCBuildConfiguration section */

/* Begin XCConfigurationList section */
		F55525E21CB54684001D2547 /* Build configuration list for PBXProject "pro1-imageSelector" */ = {
			isa = XCConfigurationList;
			buildConfigurations = (
				F555260F1CB54684001D2547 /* Debug */,
				F55526101CB54684001D2547 /* Release */,
			);
			defaultConfigurationIsVisible = 0;
			defaultConfigurationName = Release;
		};
		F55526111CB54684001D2547 /* Build configuration list for PBXNativeTarget "pro1-imageSelector" */ = {
			isa = XCConfigurationList;
			buildConfigurations = (
				F55526121CB54684001D2547 /* Debug */,
				F55526131CB54684001D2547 /* Release */,
			);
			defaultConfigurationIsVisible = 0;
		};
		F55526141CB54684001D2547 /* Build configuration list for PBXNativeTarget "pro1-imageSelectorTests" */ = {
			isa = XCConfigurationList;
			buildConfigurations = (
				F55526151CB54684001D2547 /* Debug */,
				F55526161CB54684001D2547 /* Release */,
			);
			defaultConfigurationIsVisible = 0;
		};
		F55526171CB54684001D2547 /* Build configuration list for PBXNativeTarget "pro1-imageSelectorUITests" */ = {
			isa = XCConfigurationList;
			buildConfigurations = (
				F55526181CB54684001D2547 /* Debug */,
				F55526191CB54684001D2547 /* Release */,
			);
			defaultConfigurationIsVisible = 0;
		};
/* End XCConfigurationList section */
	};
	rootObject = F55525DF1CB54684001D2547 /* Project object */;
}
